// !$*UTF8*$!
{
	archiveVersion = 1;
	classes = {
	};
	objectVersion = 77;
	objects = {

/* Begin PBXBuildFile section */
		07B45F242E885FA300B96FA5 /* harmonium-e2.wav in Resources */ = {isa = PBXBuildFile; fileRef = 07B45F152E885FA300B96FA5 /* harmonium-e2.wav */; };
		07B45F252E885FA300B96FA5 /* harmonium-d#4.wav in Resources */ = {isa = PBXBuildFile; fileRef = 07B45F102E885FA300B96FA5 /* harmonium-d#4.wav */; };
		07B45F262E885FA300B96FA5 /* harmonium-d4.wav in Resources */ = {isa = PBXBuildFile; fileRef = 07B45F132E885FA300B96FA5 /* harmonium-d4.wav */; };
		07B45F272E885FA300B96FA5 /* harmonium-f#4.wav in Resources */ = {isa = PBXBuildFile; fileRef = 07B45F1A2E885FA300B96FA5 /* harmonium-f#4.wav */; };
		07B45F282E885FA300B96FA5 /* harmonium-c#5.wav in Resources */ = {isa = PBXBuildFile; fileRef = 07B45F092E885FA300B96FA5 /* harmonium-c#5.wav */; };
		07B45F292E885FA300B96FA5 /* harmonium-c2.wav in Resources */ = {isa = PBXBuildFile; fileRef = 07B45F0A2E885FA300B96FA5 /* harmonium-c2.wav */; };
		07B45F2A2E885FA300B96FA5 /* harmonium-a2.wav in Resources */ = {isa = PBXBuildFile; fileRef = 07B45F002E885FA300B96FA5 /* harmonium-a2.wav */; };
		07B45F2B2E885FA300B96FA5 /* harmonium-d2.wav in Resources */ = {isa = PBXBuildFile; fileRef = 07B45F112E885FA300B96FA5 /* harmonium-d2.wav */; };
		07B45F2C2E885FA300B96FA5 /* harmonium-a4.wav in Resources */ = {isa = PBXBuildFile; fileRef = 07B45F022E885FA300B96FA5 /* harmonium-a4.wav */; };
		07B45F2D2E885FA300B96FA5 /* harmonium-g#4.wav in Resources */ = {isa = PBXBuildFile; fileRef = 07B45F202E885FA300B96FA5 /* harmonium-g#4.wav */; };
		07B45F2E2E885FA300B96FA5 /* harmonium-d5.wav in Resources */ = {isa = PBXBuildFile; fileRef = 07B45F142E885FA300B96FA5 /* harmonium-d5.wav */; };
		07B45F2F2E885FA300B96FA5 /* harmonium-e4.wav in Resources */ = {isa = PBXBuildFile; fileRef = 07B45F172E885FA300B96FA5 /* harmonium-e4.wav */; };
		07B45F302E885FA300B96FA5 /* harmonium-c#2.wav in Resources */ = {isa = PBXBuildFile; fileRef = 07B45F062E885FA300B96FA5 /* harmonium-c#2.wav */; };
		07B45F312E885FA300B96FA5 /* harmonium-f#2.wav in Resources */ = {isa = PBXBuildFile; fileRef = 07B45F182E885FA300B96FA5 /* harmonium-f#2.wav */; };
		07B45F322E885FA300B96FA5 /* harmonium-g3.wav in Resources */ = {isa = PBXBuildFile; fileRef = 07B45F222E885FA300B96FA5 /* harmonium-g3.wav */; };
		07B45F332E885FA300B96FA5 /* harmonium-g2.wav in Resources */ = {isa = PBXBuildFile; fileRef = 07B45F212E885FA300B96FA5 /* harmonium-g2.wav */; };
		07B45F342E885FA300B96FA5 /* harmonium-e3.wav in Resources */ = {isa = PBXBuildFile; fileRef = 07B45F162E885FA300B96FA5 /* harmonium-e3.wav */; };
		07B45F352E885FA300B96FA5 /* harmonium-d3.wav in Resources */ = {isa = PBXBuildFile; fileRef = 07B45F122E885FA300B96FA5 /* harmonium-d3.wav */; };
		07B45F362E885FA300B96FA5 /* harmonium-a#3.wav in Resources */ = {isa = PBXBuildFile; fileRef = 07B45EFE2E885FA300B96FA5 /* harmonium-a#3.wav */; };
		07B45F372E885FA300B96FA5 /* harmonium-d#3.wav in Resources */ = {isa = PBXBuildFile; fileRef = 07B45F0F2E885FA300B96FA5 /* harmonium-d#3.wav */; };
		07B45F382E885FA300B96FA5 /* harmonium-a#2.wav in Resources */ = {isa = PBXBuildFile; fileRef = 07B45EFD2E885FA300B96FA5 /* harmonium-a#2.wav */; };
		07B45F392E885FA300B96FA5 /* harmonium-f3.wav in Resources */ = {isa = PBXBuildFile; fileRef = 07B45F1C2E885FA300B96FA5 /* harmonium-f3.wav */; };
		07B45F3A2E885FA300B96FA5 /* harmonium-d#2.wav in Resources */ = {isa = PBXBuildFile; fileRef = 07B45F0E2E885FA300B96FA5 /* harmonium-d#2.wav */; };
		07B45F3B2E885FA300B96FA5 /* harmonium-a#4.wav in Resources */ = {isa = PBXBuildFile; fileRef = 07B45EFF2E885FA300B96FA5 /* harmonium-a#4.wav */; };
		07B45F3C2E885FA300B96FA5 /* harmonium-b2.wav in Resources */ = {isa = PBXBuildFile; fileRef = 07B45F032E885FA300B96FA5 /* harmonium-b2.wav */; };
		07B45F3D2E885FA300B96FA5 /* harmonium-b3.wav in Resources */ = {isa = PBXBuildFile; fileRef = 07B45F042E885FA300B96FA5 /* harmonium-b3.wav */; };
		07B45F3E2E885FA300B96FA5 /* harmonium-c4.wav in Resources */ = {isa = PBXBuildFile; fileRef = 07B45F0C2E885FA300B96FA5 /* harmonium-c4.wav */; };
		07B45F3F2E885FA300B96FA5 /* harmonium-c5.wav in Resources */ = {isa = PBXBuildFile; fileRef = 07B45F0D2E885FA300B96FA5 /* harmonium-c5.wav */; };
		07B45F402E885FA300B96FA5 /* harmonium-g#3.wav in Resources */ = {isa = PBXBuildFile; fileRef = 07B45F1F2E885FA300B96FA5 /* harmonium-g#3.wav */; };
		07B45F412E885FA300B96FA5 /* harmonium-c#4.wav in Resources */ = {isa = PBXBuildFile; fileRef = 07B45F082E885FA300B96FA5 /* harmonium-c#4.wav */; };
		07B45F422E885FA300B96FA5 /* harmonium-f#3.wav in Resources */ = {isa = PBXBuildFile; fileRef = 07B45F192E885FA300B96FA5 /* harmonium-f#3.wav */; };
		07B45F432E885FA300B96FA5 /* harmonium-c3.wav in Resources */ = {isa = PBXBuildFile; fileRef = 07B45F0B2E885FA300B96FA5 /* harmonium-c3.wav */; };
		07B45F442E885FA300B96FA5 /* harmonium-g4.wav in Resources */ = {isa = PBXBuildFile; fileRef = 07B45F232E885FA300B96FA5 /* harmonium-g4.wav */; };
		07B45F452E885FA300B96FA5 /* harmonium-g#2.wav in Resources */ = {isa = PBXBuildFile; fileRef = 07B45F1E2E885FA300B96FA5 /* harmonium-g#2.wav */; };
		07B45F462E885FA300B96FA5 /* harmonium-c#3.wav in Resources */ = {isa = PBXBuildFile; fileRef = 07B45F072E885FA300B96FA5 /* harmonium-c#3.wav */; };
		07B45F472E885FA300B96FA5 /* harmonium-a3.wav in Resources */ = {isa = PBXBuildFile; fileRef = 07B45F012E885FA300B96FA5 /* harmonium-a3.wav */; };
		07B45F482E885FA300B96FA5 /* harmonium-f2.wav in Resources */ = {isa = PBXBuildFile; fileRef = 07B45F1B2E885FA300B96FA5 /* harmonium-f2.wav */; };
		07B45F492E885FA300B96FA5 /* harmonium-b4.wav in Resources */ = {isa = PBXBuildFile; fileRef = 07B45F052E885FA300B96FA5 /* harmonium-b4.wav */; };
		07B45F4A2E885FA300B96FA5 /* harmonium-f4.wav in Resources */ = {isa = PBXBuildFile; fileRef = 07B45F1D2E885FA300B96FA5 /* harmonium-f4.wav */; };
/* End PBXBuildFile section */

/* Begin PBXFileReference section */
		07B45EFD2E885FA300B96FA5 /* harmonium-a#2.wav */ = {isa = PBXFileReference; lastKnownFileType = audio.wav; path = "harmonium-a#2.wav"; sourceTree = "<group>"; };
		07B45EFE2E885FA300B96FA5 /* harmonium-a#3.wav */ = {isa = PBXFileReference; lastKnownFileType = audio.wav; path = "harmonium-a#3.wav"; sourceTree = "<group>"; };
		07B45EFF2E885FA300B96FA5 /* harmonium-a#4.wav */ = {isa = PBXFileReference; lastKnownFileType = audio.wav; path = "harmonium-a#4.wav"; sourceTree = "<group>"; };
		07B45F002E885FA300B96FA5 /* harmonium-a2.wav */ = {isa = PBXFileReference; lastKnownFileType = audio.wav; path = "harmonium-a2.wav"; sourceTree = "<group>"; };
		07B45F012E885FA300B96FA5 /* harmonium-a3.wav */ = {isa = PBXFileReference; lastKnownFileType = audio.wav; path = "harmonium-a3.wav"; sourceTree = "<group>"; };
		07B45F022E885FA300B96FA5 /* harmonium-a4.wav */ = {isa = PBXFileReference; lastKnownFileType = audio.wav; path = "harmonium-a4.wav"; sourceTree = "<group>"; };
		07B45F032E885FA300B96FA5 /* harmonium-b2.wav */ = {isa = PBXFileReference; lastKnownFileType = audio.wav; path = "harmonium-b2.wav"; sourceTree = "<group>"; };
		07B45F042E885FA300B96FA5 /* harmonium-b3.wav */ = {isa = PBXFileReference; lastKnownFileType = audio.wav; path = "harmonium-b3.wav"; sourceTree = "<group>"; };
		07B45F052E885FA300B96FA5 /* harmonium-b4.wav */ = {isa = PBXFileReference; lastKnownFileType = audio.wav; path = "harmonium-b4.wav"; sourceTree = "<group>"; };
		07B45F062E885FA300B96FA5 /* harmonium-c#2.wav */ = {isa = PBXFileReference; lastKnownFileType = audio.wav; path = "harmonium-c#2.wav"; sourceTree = "<group>"; };
		07B45F072E885FA300B96FA5 /* harmonium-c#3.wav */ = {isa = PBXFileReference; lastKnownFileType = audio.wav; path = "harmonium-c#3.wav"; sourceTree = "<group>"; };
		07B45F082E885FA300B96FA5 /* harmonium-c#4.wav */ = {isa = PBXFileReference; lastKnownFileType = audio.wav; path = "harmonium-c#4.wav"; sourceTree = "<group>"; };
		07B45F092E885FA300B96FA5 /* harmonium-c#5.wav */ = {isa = PBXFileReference; lastKnownFileType = audio.wav; path = "harmonium-c#5.wav"; sourceTree = "<group>"; };
		07B45F0A2E885FA300B96FA5 /* harmonium-c2.wav */ = {isa = PBXFileReference; lastKnownFileType = audio.wav; path = "harmonium-c2.wav"; sourceTree = "<group>"; };
		07B45F0B2E885FA300B96FA5 /* harmonium-c3.wav */ = {isa = PBXFileReference; lastKnownFileType = audio.wav; path = "harmonium-c3.wav"; sourceTree = "<group>"; };
		07B45F0C2E885FA300B96FA5 /* harmonium-c4.wav */ = {isa = PBXFileReference; lastKnownFileType = audio.wav; path = "harmonium-c4.wav"; sourceTree = "<group>"; };
		07B45F0D2E885FA300B96FA5 /* harmonium-c5.wav */ = {isa = PBXFileReference; lastKnownFileType = audio.wav; path = "harmonium-c5.wav"; sourceTree = "<group>"; };
		07B45F0E2E885FA300B96FA5 /* harmonium-d#2.wav */ = {isa = PBXFileReference; lastKnownFileType = audio.wav; path = "harmonium-d#2.wav"; sourceTree = "<group>"; };
		07B45F0F2E885FA300B96FA5 /* harmonium-d#3.wav */ = {isa = PBXFileReference; lastKnownFileType = audio.wav; path = "harmonium-d#3.wav"; sourceTree = "<group>"; };
		07B45F102E885FA300B96FA5 /* harmonium-d#4.wav */ = {isa = PBXFileReference; lastKnownFileType = audio.wav; path = "harmonium-d#4.wav"; sourceTree = "<group>"; };
		07B45F112E885FA300B96FA5 /* harmonium-d2.wav */ = {isa = PBXFileReference; lastKnownFileType = audio.wav; path = "harmonium-d2.wav"; sourceTree = "<group>"; };
		07B45F122E885FA300B96FA5 /* harmonium-d3.wav */ = {isa = PBXFileReference; lastKnownFileType = audio.wav; path = "harmonium-d3.wav"; sourceTree = "<group>"; };
		07B45F132E885FA300B96FA5 /* harmonium-d4.wav */ = {isa = PBXFileReference; lastKnownFileType = audio.wav; path = "harmonium-d4.wav"; sourceTree = "<group>"; };
		07B45F142E885FA300B96FA5 /* harmonium-d5.wav */ = {isa = PBXFileReference; lastKnownFileType = audio.wav; path = "harmonium-d5.wav"; sourceTree = "<group>"; };
		07B45F152E885FA300B96FA5 /* harmonium-e2.wav */ = {isa = PBXFileReference; lastKnownFileType = audio.wav; path = "harmonium-e2.wav"; sourceTree = "<group>"; };
		07B45F162E885FA300B96FA5 /* harmonium-e3.wav */ = {isa = PBXFileReference; lastKnownFileType = audio.wav; path = "harmonium-e3.wav"; sourceTree = "<group>"; };
		07B45F172E885FA300B96FA5 /* harmonium-e4.wav */ = {isa = PBXFileReference; lastKnownFileType = audio.wav; path = "harmonium-e4.wav"; sourceTree = "<group>"; };
		07B45F182E885FA300B96FA5 /* harmonium-f#2.wav */ = {isa = PBXFileReference; lastKnownFileType = audio.wav; path = "harmonium-f#2.wav"; sourceTree = "<group>"; };
		07B45F192E885FA300B96FA5 /* harmonium-f#3.wav */ = {isa = PBXFileReference; lastKnownFileType = audio.wav; path = "harmonium-f#3.wav"; sourceTree = "<group>"; };
		07B45F1A2E885FA300B96FA5 /* harmonium-f#4.wav */ = {isa = PBXFileReference; lastKnownFileType = audio.wav; path = "harmonium-f#4.wav"; sourceTree = "<group>"; };
		07B45F1B2E885FA300B96FA5 /* harmonium-f2.wav */ = {isa = PBXFileReference; lastKnownFileType = audio.wav; path = "harmonium-f2.wav"; sourceTree = "<group>"; };
		07B45F1C2E885FA300B96FA5 /* harmonium-f3.wav */ = {isa = PBXFileReference; lastKnownFileType = audio.wav; path = "harmonium-f3.wav"; sourceTree = "<group>"; };
		07B45F1D2E885FA300B96FA5 /* harmonium-f4.wav */ = {isa = PBXFileReference; lastKnownFileType = audio.wav; path = "harmonium-f4.wav"; sourceTree = "<group>"; };
		07B45F1E2E885FA300B96FA5 /* harmonium-g#2.wav */ = {isa = PBXFileReference; lastKnownFileType = audio.wav; path = "harmonium-g#2.wav"; sourceTree = "<group>"; };
		07B45F1F2E885FA300B96FA5 /* harmonium-g#3.wav */ = {isa = PBXFileReference; lastKnownFileType = audio.wav; path = "harmonium-g#3.wav"; sourceTree = "<group>"; };
		07B45F202E885FA300B96FA5 /* harmonium-g#4.wav */ = {isa = PBXFileReference; lastKnownFileType = audio.wav; path = "harmonium-g#4.wav"; sourceTree = "<group>"; };
		07B45F212E885FA300B96FA5 /* harmonium-g2.wav */ = {isa = PBXFileReference; lastKnownFileType = audio.wav; path = "harmonium-g2.wav"; sourceTree = "<group>"; };
		07B45F222E885FA300B96FA5 /* harmonium-g3.wav */ = {isa = PBXFileReference; lastKnownFileType = audio.wav; path = "harmonium-g3.wav"; sourceTree = "<group>"; };
		07B45F232E885FA300B96FA5 /* harmonium-g4.wav */ = {isa = PBXFileReference; lastKnownFileType = audio.wav; path = "harmonium-g4.wav"; sourceTree = "<group>"; };
		EA6BE6462E6CA1E1003F66D4 /* Hingemonium.app */ = {isa = PBXFileReference; explicitFileType = wrapper.application; includeInIndex = 0; path = Hingemonium.app; sourceTree = BUILT_PRODUCTS_DIR; };
/* End PBXFileReference section */

/* Begin PBXFileSystemSynchronizedRootGroup section */
		EA6BE6482E6CA1E1003F66D4 /* LidAngleSensor */ = {
			isa = PBXFileSystemSynchronizedRootGroup;
			path = LidAngleSensor;
			sourceTree = "<group>";
		};
/* End PBXFileSystemSynchronizedRootGroup section */

/* Begin PBXFrameworksBuildPhase section */
		EA6BE6432E6CA1E1003F66D4 /* Frameworks */ = {
			isa = PBXFrameworksBuildPhase;
			buildActionMask = 2147483647;
			files = (
			);
			runOnlyForDeploymentPostprocessing = 0;
		};
/* End PBXFrameworksBuildPhase section */

/* Begin PBXGroup section */
		07B45EFC2E885F7200B96FA5 /* Sounds */ = {
			isa = PBXGroup;
			children = (
				07B45EFD2E885FA300B96FA5 /* harmonium-a#2.wav */,
				07B45EFE2E885FA300B96FA5 /* harmonium-a#3.wav */,
				07B45EFF2E885FA300B96FA5 /* harmonium-a#4.wav */,
				07B45F002E885FA300B96FA5 /* harmonium-a2.wav */,
				07B45F012E885FA300B96FA5 /* harmonium-a3.wav */,
				07B45F022E885FA300B96FA5 /* harmonium-a4.wav */,
				07B45F032E885FA300B96FA5 /* harmonium-b2.wav */,
				07B45F042E885FA300B96FA5 /* harmonium-b3.wav */,
				07B45F052E885FA300B96FA5 /* harmonium-b4.wav */,
				07B45F062E885FA300B96FA5 /* harmonium-c#2.wav */,
				07B45F072E885FA300B96FA5 /* harmonium-c#3.wav */,
				07B45F082E885FA300B96FA5 /* harmonium-c#4.wav */,
				07B45F092E885FA300B96FA5 /* harmonium-c#5.wav */,
				07B45F0A2E885FA300B96FA5 /* harmonium-c2.wav */,
				07B45F0B2E885FA300B96FA5 /* harmonium-c3.wav */,
				07B45F0C2E885FA300B96FA5 /* harmonium-c4.wav */,
				07B45F0D2E885FA300B96FA5 /* harmonium-c5.wav */,
				07B45F0E2E885FA300B96FA5 /* harmonium-d#2.wav */,
				07B45F0F2E885FA300B96FA5 /* harmonium-d#3.wav */,
				07B45F102E885FA300B96FA5 /* harmonium-d#4.wav */,
				07B45F112E885FA300B96FA5 /* harmonium-d2.wav */,
				07B45F122E885FA300B96FA5 /* harmonium-d3.wav */,
				07B45F132E885FA300B96FA5 /* harmonium-d4.wav */,
				07B45F142E885FA300B96FA5 /* harmonium-d5.wav */,
				07B45F152E885FA300B96FA5 /* harmonium-e2.wav */,
				07B45F162E885FA300B96FA5 /* harmonium-e3.wav */,
				07B45F172E885FA300B96FA5 /* harmonium-e4.wav */,
				07B45F182E885FA300B96FA5 /* harmonium-f#2.wav */,
				07B45F192E885FA300B96FA5 /* harmonium-f#3.wav */,
				07B45F1A2E885FA300B96FA5 /* harmonium-f#4.wav */,
				07B45F1B2E885FA300B96FA5 /* harmonium-f2.wav */,
				07B45F1C2E885FA300B96FA5 /* harmonium-f3.wav */,
				07B45F1D2E885FA300B96FA5 /* harmonium-f4.wav */,
				07B45F1E2E885FA300B96FA5 /* harmonium-g#2.wav */,
				07B45F1F2E885FA300B96FA5 /* harmonium-g#3.wav */,
				07B45F202E885FA300B96FA5 /* harmonium-g#4.wav */,
				07B45F212E885FA300B96FA5 /* harmonium-g2.wav */,
				07B45F222E885FA300B96FA5 /* harmonium-g3.wav */,
				07B45F232E885FA300B96FA5 /* harmonium-g4.wav */,
			);
			path = Sounds;
			sourceTree = "<group>";
		};
		EA6BE63D2E6CA1E1003F66D4 = {
			isa = PBXGroup;
			children = (
				07B45EFC2E885F7200B96FA5 /* Sounds */,
				EA6BE6482E6CA1E1003F66D4 /* LidAngleSensor */,
				EA6BE6472E6CA1E1003F66D4 /* Products */,
			);
			sourceTree = "<group>";
		};
		EA6BE6472E6CA1E1003F66D4 /* Products */ = {
			isa = PBXGroup;
			children = (
				EA6BE6462E6CA1E1003F66D4 /* Hingemonium.app */,
			);
			name = Products;
			sourceTree = "<group>";
		};
/* End PBXGroup section */

/* Begin PBXNativeTarget section */
		EA6BE6452E6CA1E1003F66D4 /* Hingemonium */ = {
			isa = PBXNativeTarget;
			buildConfigurationList = EA6BE6552E6CA1E1003F66D4 /* Build configuration list for PBXNativeTarget "Hingemonium" */;
			buildPhases = (
				EA6BE6422E6CA1E1003F66D4 /* Sources */,
				EA6BE6432E6CA1E1003F66D4 /* Frameworks */,
				EA6BE6442E6CA1E1003F66D4 /* Resources */,
			);
			buildRules = (
			);
			dependencies = (
			);
			fileSystemSynchronizedGroups = (
				EA6BE6482E6CA1E1003F66D4 /* LidAngleSensor */,
			);
			name = Hingemonium;
			packageProductDependencies = (
			);
			productName = LidAngleSensor;
			productReference = EA6BE6462E6CA1E1003F66D4 /* Hingemonium.app */;
			productType = "com.apple.product-type.application";
		};
/* End PBXNativeTarget section */

/* Begin PBXProject section */
		EA6BE63E2E6CA1E1003F66D4 /* Project object */ = {
			isa = PBXProject;
			attributes = {
				BuildIndependentTargetsInParallel = 1;
				LastUpgradeCheck = 2600;
				TargetAttributes = {
					EA6BE6452E6CA1E1003F66D4 = {
						CreatedOnToolsVersion = 26.0;
					};
				};
			};
			buildConfigurationList = EA6BE6412E6CA1E1003F66D4 /* Build configuration list for PBXProject "Hingemonium" */;
			developmentRegion = en;
			hasScannedForEncodings = 0;
			knownRegions = (
				en,
				Base,
			);
			mainGroup = EA6BE63D2E6CA1E1003F66D4;
			minimizedProjectReferenceProxies = 1;
			preferredProjectObjectVersion = 77;
			productRefGroup = EA6BE6472E6CA1E1003F66D4 /* Products */;
			projectDirPath = "";
			projectRoot = "";
			targets = (
				EA6BE6452E6CA1E1003F66D4 /* Hingemonium */,
			);
		};
/* End PBXProject section */

/* Begin PBXResourcesBuildPhase section */
		EA6BE6442E6CA1E1003F66D4 /* Resources */ = {
			isa = PBXResourcesBuildPhase;
			buildActionMask = 2147483647;
			files = (
				07B45F242E885FA300B96FA5 /* harmonium-e2.wav in Resources */,
				07B45F252E885FA300B96FA5 /* harmonium-d#4.wav in Resources */,
				07B45F262E885FA300B96FA5 /* harmonium-d4.wav in Resources */,
				07B45F272E885FA300B96FA5 /* harmonium-f#4.wav in Resources */,
				07B45F282E885FA300B96FA5 /* harmonium-c#5.wav in Resources */,
				07B45F292E885FA300B96FA5 /* harmonium-c2.wav in Resources */,
				07B45F2A2E885FA300B96FA5 /* harmonium-a2.wav in Resources */,
				07B45F2B2E885FA300B96FA5 /* harmonium-d2.wav in Resources */,
				07B45F2C2E885FA300B96FA5 /* harmonium-a4.wav in Resources */,
				07B45F2D2E885FA300B96FA5 /* harmonium-g#4.wav in Resources */,
				07B45F2E2E885FA300B96FA5 /* harmonium-d5.wav in Resources */,
				07B45F2F2E885FA300B96FA5 /* harmonium-e4.wav in Resources */,
				07B45F302E885FA300B96FA5 /* harmonium-c#2.wav in Resources */,
				07B45F312E885FA300B96FA5 /* harmonium-f#2.wav in Resources */,
				07B45F322E885FA300B96FA5 /* harmonium-g3.wav in Resources */,
				07B45F332E885FA300B96FA5 /* harmonium-g2.wav in Resources */,
				07B45F342E885FA300B96FA5 /* harmonium-e3.wav in Resources */,
				07B45F352E885FA300B96FA5 /* harmonium-d3.wav in Resources */,
				07B45F362E885FA300B96FA5 /* harmonium-a#3.wav in Resources */,
				07B45F372E885FA300B96FA5 /* harmonium-d#3.wav in Resources */,
				07B45F382E885FA300B96FA5 /* harmonium-a#2.wav in Resources */,
				07B45F392E885FA300B96FA5 /* harmonium-f3.wav in Resources */,
				07B45F3A2E885FA300B96FA5 /* harmonium-d#2.wav in Resources */,
				07B45F3B2E885FA300B96FA5 /* harmonium-a#4.wav in Resources */,
				07B45F3C2E885FA300B96FA5 /* harmonium-b2.wav in Resources */,
				07B45F3D2E885FA300B96FA5 /* harmonium-b3.wav in Resources */,
				07B45F3E2E885FA300B96FA5 /* harmonium-c4.wav in Resources */,
				07B45F3F2E885FA300B96FA5 /* harmonium-c5.wav in Resources */,
				07B45F402E885FA300B96FA5 /* harmonium-g#3.wav in Resources */,
				07B45F412E885FA300B96FA5 /* harmonium-c#4.wav in Resources */,
				07B45F422E885FA300B96FA5 /* harmonium-f#3.wav in Resources */,
				07B45F432E885FA300B96FA5 /* harmonium-c3.wav in Resources */,
				07B45F442E885FA300B96FA5 /* harmonium-g4.wav in Resources */,
				07B45F452E885FA300B96FA5 /* harmonium-g#2.wav in Resources */,
				07B45F462E885FA300B96FA5 /* harmonium-c#3.wav in Resources */,
				07B45F472E885FA300B96FA5 /* harmonium-a3.wav in Resources */,
				07B45F482E885FA300B96FA5 /* harmonium-f2.wav in Resources */,
				07B45F492E885FA300B96FA5 /* harmonium-b4.wav in Resources */,
				07B45F4A2E885FA300B96FA5 /* harmonium-f4.wav in Resources */,
			);
			runOnlyForDeploymentPostprocessing = 0;
		};
/* End PBXResourcesBuildPhase section */

/* Begin PBXSourcesBuildPhase section */
		EA6BE6422E6CA1E1003F66D4 /* Sources */ = {
			isa = PBXSourcesBuildPhase;
			buildActionMask = 2147483647;
			files = (
			);
			runOnlyForDeploymentPostprocessing = 0;
		};
/* End PBXSourcesBuildPhase section */

/* Begin XCBuildConfiguration section */
		EA6BE6532E6CA1E1003F66D4 /* Debug */ = {
			isa = XCBuildConfiguration;
			buildSettings = {
				ALWAYS_SEARCH_USER_PATHS = NO;
				ASSETCATALOG_COMPILER_GENERATE_SWIFT_ASSET_SYMBOL_EXTENSIONS = YES;
				CLANG_ANALYZER_NONNULL = YES;
				CLANG_ANALYZER_NUMBER_OBJECT_CONVERSION = YES_AGGRESSIVE;
				CLANG_CXX_LANGUAGE_STANDARD = "gnu++20";
				CLANG_ENABLE_MODULES = YES;
				CLANG_ENABLE_OBJC_ARC = YES;
				CLANG_ENABLE_OBJC_WEAK = YES;
				CLANG_WARN_BLOCK_CAPTURE_AUTORELEASING = YES;
				CLANG_WARN_BOOL_CONVERSION = YES;
				CLANG_WARN_COMMA = YES;
				CLANG_WARN_CONSTANT_CONVERSION = YES;
				CLANG_WARN_DEPRECATED_OBJC_IMPLEMENTATIONS = YES;
				CLANG_WARN_DIRECT_OBJC_ISA_USAGE = YES_ERROR;
				CLANG_WARN_DOCUMENTATION_COMMENTS = YES;
				CLANG_WARN_EMPTY_BODY = YES;
				CLANG_WARN_ENUM_CONVERSION = YES;
				CLANG_WARN_INFINITE_RECURSION = YES;
				CLANG_WARN_INT_CONVERSION = YES;
				CLANG_WARN_NON_LITERAL_NULL_CONVERSION = YES;
				CLANG_WARN_OBJC_IMPLICIT_RETAIN_SELF = YES;
				CLANG_WARN_OBJC_LITERAL_CONVERSION = YES;
				CLANG_WARN_OBJC_ROOT_CLASS = YES_ERROR;
				CLANG_WARN_QUOTED_INCLUDE_IN_FRAMEWORK_HEADER = YES;
				CLANG_WARN_RANGE_LOOP_ANALYSIS = YES;
				CLANG_WARN_STRICT_PROTOTYPES = YES;
				CLANG_WARN_SUSPICIOUS_MOVE = YES;
				CLANG_WARN_UNGUARDED_AVAILABILITY = YES_AGGRESSIVE;
				CLANG_WARN_UNREACHABLE_CODE = YES;
				CLANG_WARN__DUPLICATE_METHOD_MATCH = YES;
				COPY_PHASE_STRIP = NO;
				DEBUG_INFORMATION_FORMAT = dwarf;
				DEVELOPMENT_TEAM = CG56CG5WCQ;
				ENABLE_STRICT_OBJC_MSGSEND = YES;
				ENABLE_TESTABILITY = YES;
				ENABLE_USER_SCRIPT_SANDBOXING = YES;
				GCC_C_LANGUAGE_STANDARD = gnu17;
				GCC_DYNAMIC_NO_PIC = NO;
				GCC_NO_COMMON_BLOCKS = YES;
				GCC_OPTIMIZATION_LEVEL = 0;
				GCC_PREPROCESSOR_DEFINITIONS = (
					"DEBUG=1",
					"$(inherited)",
				);
				GCC_WARN_64_TO_32_BIT_CONVERSION = YES;
				GCC_WARN_ABOUT_RETURN_TYPE = YES_ERROR;
				GCC_WARN_UNDECLARED_SELECTOR = YES;
				GCC_WARN_UNINITIALIZED_AUTOS = YES_AGGRESSIVE;
				GCC_WARN_UNUSED_FUNCTION = YES;
				GCC_WARN_UNUSED_VARIABLE = YES;
				LOCALIZATION_PREFERS_STRING_CATALOGS = YES;
				MACOSX_DEPLOYMENT_TARGET = 26.0;
				MTL_ENABLE_DEBUG_INFO = INCLUDE_SOURCE;
				MTL_FAST_MATH = YES;
				ONLY_ACTIVE_ARCH = YES;
				SDKROOT = macosx;
			};
			name = Debug;
		};
		EA6BE6542E6CA1E1003F66D4 /* Release */ = {
			isa = XCBuildConfiguration;
			buildSettings = {
				ALWAYS_SEARCH_USER_PATHS = NO;
				ASSETCATALOG_COMPILER_GENERATE_SWIFT_ASSET_SYMBOL_EXTENSIONS = YES;
				CLANG_ANALYZER_NONNULL = YES;
				CLANG_ANALYZER_NUMBER_OBJECT_CONVERSION = YES_AGGRESSIVE;
				CLANG_CXX_LANGUAGE_STANDARD = "gnu++20";
				CLANG_ENABLE_MODULES = YES;
				CLANG_ENABLE_OBJC_ARC = YES;
				CLANG_ENABLE_OBJC_WEAK = YES;
				CLANG_WARN_BLOCK_CAPTURE_AUTORELEASING = YES;
				CLANG_WARN_BOOL_CONVERSION = YES;
				CLANG_WARN_COMMA = YES;
				CLANG_WARN_CONSTANT_CONVERSION = YES;
				CLANG_WARN_DEPRECATED_OBJC_IMPLEMENTATIONS = YES;
				CLANG_WARN_DIRECT_OBJC_ISA_USAGE = YES_ERROR;
				CLANG_WARN_DOCUMENTATION_COMMENTS = YES;
				CLANG_WARN_EMPTY_BODY = YES;
				CLANG_WARN_ENUM_CONVERSION = YES;
				CLANG_WARN_INFINITE_RECURSION = YES;
				CLANG_WARN_INT_CONVERSION = YES;
				CLANG_WARN_NON_LITERAL_NULL_CONVERSION = YES;
				CLANG_WARN_OBJC_IMPLICIT_RETAIN_SELF = YES;
				CLANG_WARN_OBJC_LITERAL_CONVERSION = YES;
				CLANG_WARN_OBJC_ROOT_CLASS = YES_ERROR;
				CLANG_WARN_QUOTED_INCLUDE_IN_FRAMEWORK_HEADER = YES;
				CLANG_WARN_RANGE_LOOP_ANALYSIS = YES;
				CLANG_WARN_STRICT_PROTOTYPES = YES;
				CLANG_WARN_SUSPICIOUS_MOVE = YES;
				CLANG_WARN_UNGUARDED_AVAILABILITY = YES_AGGRESSIVE;
				CLANG_WARN_UNREACHABLE_CODE = YES;
				CLANG_WARN__DUPLICATE_METHOD_MATCH = YES;
				COPY_PHASE_STRIP = NO;
				DEBUG_INFORMATION_FORMAT = "dwarf-with-dsym";
				DEVELOPMENT_TEAM = CG56CG5WCQ;
				ENABLE_NS_ASSERTIONS = NO;
				ENABLE_STRICT_OBJC_MSGSEND = YES;
				ENABLE_USER_SCRIPT_SANDBOXING = YES;
				GCC_C_LANGUAGE_STANDARD = gnu17;
				GCC_NO_COMMON_BLOCKS = YES;
				GCC_WARN_64_TO_32_BIT_CONVERSION = YES;
				GCC_WARN_ABOUT_RETURN_TYPE = YES_ERROR;
				GCC_WARN_UNDECLARED_SELECTOR = YES;
				GCC_WARN_UNINITIALIZED_AUTOS = YES_AGGRESSIVE;
				GCC_WARN_UNUSED_FUNCTION = YES;
				GCC_WARN_UNUSED_VARIABLE = YES;
				LOCALIZATION_PREFERS_STRING_CATALOGS = YES;
				MACOSX_DEPLOYMENT_TARGET = 26.0;
				MTL_ENABLE_DEBUG_INFO = NO;
				MTL_FAST_MATH = YES;
				SDKROOT = macosx;
			};
			name = Release;
		};
		EA6BE6562E6CA1E1003F66D4 /* Debug */ = {
			isa = XCBuildConfiguration;
			buildSettings = {
				ASSETCATALOG_COMPILER_APPICON_NAME = AppIcon;
				ASSETCATALOG_COMPILER_GLOBAL_ACCENT_COLOR_NAME = AccentColor;
				AUTOMATION_APPLE_EVENTS = NO;
				"CODE_SIGN_IDENTITY[sdk=macosx*]" = "Apple Development";
				CODE_SIGN_STYLE = Automatic;
				COMBINE_HIDPI_IMAGES = YES;
				CURRENT_PROJECT_VERSION = 1;
				DEVELOPMENT_TEAM = AFCTJNHWLB;
				ENABLE_APP_SANDBOX = NO;
				ENABLE_HARDENED_RUNTIME = YES;
				ENABLE_RESOURCE_ACCESS_AUDIO_INPUT = NO;
				ENABLE_RESOURCE_ACCESS_CALENDARS = NO;
				ENABLE_RESOURCE_ACCESS_CAMERA = NO;
				ENABLE_RESOURCE_ACCESS_CONTACTS = NO;
				ENABLE_RESOURCE_ACCESS_LOCATION = NO;
				ENABLE_RESOURCE_ACCESS_PHOTO_LIBRARY = NO;
				GENERATE_INFOPLIST_FILE = YES;
				INFOPLIST_KEY_CFBundleDisplayName = Hingemonium;
				INFOPLIST_KEY_LSApplicationCategoryType = "public.app-category.music";
				INFOPLIST_KEY_NSHumanReadableCopyright = "";
				INFOPLIST_KEY_NSMainNibFile = MainMenu;
				INFOPLIST_KEY_NSPrincipalClass = NSApplication;
				LD_RUNPATH_SEARCH_PATHS = (
					"$(inherited)",
					"@executable_path/../Frameworks",
				);
				MACOSX_DEPLOYMENT_TARGET = 11.5;
				MARKETING_VERSION = 1.0.3;
				PRODUCT_BUNDLE_IDENTIFIER = vedaantrajeshirke.Hingemonium;
				PRODUCT_NAME = "$(TARGET_NAME)";
				REGISTER_APP_GROUPS = YES;
				RUNTIME_EXCEPTION_ALLOW_DYLD_ENVIRONMENT_VARIABLES = NO;
				RUNTIME_EXCEPTION_ALLOW_JIT = NO;
				RUNTIME_EXCEPTION_ALLOW_UNSIGNED_EXECUTABLE_MEMORY = NO;
				RUNTIME_EXCEPTION_DEBUGGING_TOOL = NO;
				RUNTIME_EXCEPTION_DISABLE_EXECUTABLE_PAGE_PROTECTION = NO;
				RUNTIME_EXCEPTION_DISABLE_LIBRARY_VALIDATION = NO;
				STRING_CATALOG_GENERATE_SYMBOLS = YES;
				SWIFT_EMIT_LOC_STRINGS = YES;
			};
			name = Debug;
		};
		EA6BE6572E6CA1E1003F66D4 /* Release */ = {
			isa = XCBuildConfiguration;
			buildSettings = {
				ASSETCATALOG_COMPILER_APPICON_NAME = AppIcon;
				ASSETCATALOG_COMPILER_GLOBAL_ACCENT_COLOR_NAME = AccentColor;
				AUTOMATION_APPLE_EVENTS = NO;
				"CODE_SIGN_IDENTITY[sdk=macosx*]" = "-";
				CODE_SIGN_STYLE = Automatic;
				COMBINE_HIDPI_IMAGES = YES;
				CURRENT_PROJECT_VERSION = 1;
				DEVELOPMENT_TEAM = AFCTJNHWLB;
				ENABLE_APP_SANDBOX = NO;
				ENABLE_HARDENED_RUNTIME = YES;
				ENABLE_RESOURCE_ACCESS_AUDIO_INPUT = NO;
				ENABLE_RESOURCE_ACCESS_CALENDARS = NO;
				ENABLE_RESOURCE_ACCESS_CAMERA = NO;
				ENABLE_RESOURCE_ACCESS_CONTACTS = NO;
				ENABLE_RESOURCE_ACCESS_LOCATION = NO;
				ENABLE_RESOURCE_ACCESS_PHOTO_LIBRARY = NO;
				GENERATE_INFOPLIST_FILE = YES;
				INFOPLIST_KEY_CFBundleDisplayName = Hingemonium;
				INFOPLIST_KEY_LSApplicationCategoryType = "public.app-category.music";
				INFOPLIST_KEY_NSHumanReadableCopyright = "";
				INFOPLIST_KEY_NSMainNibFile = MainMenu;
				INFOPLIST_KEY_NSPrincipalClass = NSApplication;
				LD_RUNPATH_SEARCH_PATHS = (
					"$(inherited)",
					"@executable_path/../Frameworks",
				);
				MACOSX_DEPLOYMENT_TARGET = 11.5;
				MARKETING_VERSION = 1.0.3;
				PRODUCT_BUNDLE_IDENTIFIER = vedaantrajeshirke.Hingemonium;
				PRODUCT_NAME = "$(TARGET_NAME)";
				REGISTER_APP_GROUPS = YES;
				RUNTIME_EXCEPTION_ALLOW_DYLD_ENVIRONMENT_VARIABLES = NO;
				RUNTIME_EXCEPTION_ALLOW_JIT = NO;
				RUNTIME_EXCEPTION_ALLOW_UNSIGNED_EXECUTABLE_MEMORY = NO;
				RUNTIME_EXCEPTION_DEBUGGING_TOOL = NO;
				RUNTIME_EXCEPTION_DISABLE_EXECUTABLE_PAGE_PROTECTION = NO;
				RUNTIME_EXCEPTION_DISABLE_LIBRARY_VALIDATION = NO;
				STRING_CATALOG_GENERATE_SYMBOLS = YES;
				SWIFT_EMIT_LOC_STRINGS = YES;
			};
			name = Release;
		};
/* End XCBuildConfiguration section */

/* Begin XCConfigurationList section */
		EA6BE6412E6CA1E1003F66D4 /* Build configuration list for PBXProject "Hingemonium" */ = {
			isa = XCConfigurationList;
			buildConfigurations = (
				EA6BE6532E6CA1E1003F66D4 /* Debug */,
				EA6BE6542E6CA1E1003F66D4 /* Release */,
			);
			defaultConfigurationIsVisible = 0;
			defaultConfigurationName = Release;
		};
		EA6BE6552E6CA1E1003F66D4 /* Build configuration list for PBXNativeTarget "Hingemonium" */ = {
			isa = XCConfigurationList;
			buildConfigurations = (
				EA6BE6562E6CA1E1003F66D4 /* Debug */,
				EA6BE6572E6CA1E1003F66D4 /* Release */,
			);
			defaultConfigurationIsVisible = 0;
			defaultConfigurationName = Release;
		};
/* End XCConfigurationList section */
	};
	rootObject = EA6BE63E2E6CA1E1003F66D4 /* Project object */;
}
